Microsoft Visual Studio Solution File, Format Version 12.00
# Visual Studio Version 16
VisualStudioVersion = 16.0.0.0
MinimumVisualStudioVersion = 16.0.0.0
Project("{9A19103F-16F7-4668-BE54-9A1E7A4F7556}") = "gRCP.Server", "Server\gRCP.Server.csproj", "{F73EF422-F355-4C59-8993-804251CDD83C}"
EndProject
Project("{9A19103F-16F7-4668-BE54-9A1E7A4F7556}") = "gRCP.Client", "Client\gRCP.Client.csproj", "{C011506C-CF4C-412B-9A02-005BC60913C7}"
EndProject
Project("{9A19103F-16F7-4668-BE54-9A1E7A4F7556}") = "gRCP.Shared", "Shared\gRCP.Shared.csproj", "{B85064C4-8909-4156-96DB-81843C58E62F}"
EndProject
Global
	GlobalSection(SolutionConfigurationPlatforms) = preSolution
		Debug|Any CPU = Debug|Any CPU
		Debug|x64 = Debug|x64
		Debug|x86 = Debug|x86
		Release|Any CPU = Release|Any CPU
		Release|x64 = Release|x64
		Release|x86 = Release|x86
	EndGlobalSection
	GlobalSection(ProjectConfigurationPlatforms) = postSolution
		{F73EF422-F355-4C59-8993-804251CDD83C}.Debug|Any CPU.ActiveCfg = Debug|Any CPU
		{F73EF422-F355-4C59-8993-804251CDD83C}.Debug|Any CPU.Build.0 = Debug|Any CPU
		{F73EF422-F355-4C59-8993-804251CDD83C}.Debug|x64.ActiveCfg = Debug|Any CPU
		{F73EF422-F355-4C59-8993-804251CDD83C}.Debug|x64.Build.0 = Debug|Any CPU
		{F73EF422-F355-4C59-8993-804251CDD83C}.Debug|x86.ActiveCfg = Debug|Any CPU
		{F73EF422-F355-4C59-8993-804251CDD83C}.Debug|x86.Build.0 = Debug|Any CPU
		{F73EF422-F355-4C59-8993-804251CDD83C}.Release|Any CPU.ActiveCfg = Release|Any CPU
		{F73EF422-F355-4C59-8993-804251CDD83C}.Release|Any CPU.Build.0 = Release|Any CPU
		{F73EF422-F355-4C59-8993-804251CDD83C}.Release|x64.ActiveCfg = Release|Any CPU
		{F73EF422-F355-4C59-8993-804251CDD83C}.Release|x64.Build.0 = Release|Any CPU
		{F73EF422-F355-4C59-8993-804251CDD83C}.Release|x86.ActiveCfg = Release|Any CPU
		{F73EF422-F355-4C59-8993-804251CDD83C}.Release|x86.Build.0 = Release|Any CPU
		{C011506C-CF4C-412B-9A02-005BC60913C7}.Debug|Any CPU.ActiveCfg = Debug|Any CPU
		{C011506C-CF4C-412B-9A02-005BC60913C7}.Debug|Any CPU.Build.0 = Debug|Any CPU
		{C011506C-CF4C-412B-9A02-005BC60913C7}.Debug|x64.ActiveCfg = Debug|Any CPU
		{C011506C-CF4C-412B-9A02-005BC60913C7}.Debug|x64.Build.0 = Debug|Any CPU
		{C011506C-CF4C-412B-9A02-005BC60913C7}.Debug|x86.ActiveCfg = Debug|Any CPU
		{C011506C-CF4C-412B-9A02-005BC60913C7}.Debug|x86.Build.0 = Debug|Any CPU
		{C011506C-CF4C-412B-9A02-005BC60913C7}.Release|Any CPU.ActiveCfg = Release|Any CPU
		{C011506C-CF4C-412B-9A02-005BC60913C7}.Release|Any CPU.Build.0 = Release|Any CPU
		{C011506C-CF4C-412B-9A02-005BC60913C7}.Release|x64.ActiveCfg = Release|Any CPU
		{C011506C-CF4C-412B-9A02-005BC60913C7}.Release|x64.Build.0 = Release|Any CPU
		{C011506C-CF4C-412B-9A02-005BC60913C7}.Release|x86.ActiveCfg = Release|Any CPU
		{C011506C-CF4C-412B-9A02-005BC60913C7}.Release|x86.Build.0 = Release|Any CPU
		{B85064C4-8909-4156-96DB-81843C58E62F}.Debug|Any CPU.ActiveCfg = Debug|Any CPU
		{B85064C4-8909-4156-96DB-81843C58E62F}.Debug|Any CPU.Build.0 = Debug|Any CPU
		{B85064C4-8909-4156-96DB-81843C58E62F}.Debug|x64.ActiveCfg = Debug|Any CPU
		{B85064C4-8909-4156-96DB-81843C58E62F}.Debug|x64.Build.0 = Debug|Any CPU
		{B85064C4-8909-4156-96DB-81843C58E62F}.Debug|x86.ActiveCfg = Debug|Any CPU
		{B85064C4-8909-4156-96DB-81843C58E62F}.Debug|x86.Build.0 = Debug|Any CPU
		{B85064C4-8909-4156-96DB-81843C58E62F}.Release|Any CPU.ActiveCfg = Release|Any CPU
		{B85064C4-8909-4156-96DB-81843C58E62F}.Release|Any CPU.Build.0 = Release|Any CPU
		{B85064C4-8909-4156-96DB-81843C58E62F}.Release|x64.ActiveCfg = Release|Any CPU
		{B85064C4-8909-4156-96DB-81843C58E62F}.Release|x64.Build.0 = Release|Any CPU
		{B85064C4-8909-4156-96DB-81843C58E62F}.Release|x86.ActiveCfg = Release|Any CPU
		{B85064C4-8909-4156-96DB-81843C58E62F}.Release|x86.Build.0 = Release|Any CPU
	EndGlobalSection
	GlobalSection(SolutionProperties) = preSolution
		HideSolutionNode = FALSE
	EndGlobalSection
	GlobalSection(ExtensibilityGlobals) = postSolution
		SolutionGuid = {B54AA7A9-8F39-4916-BF52-7A71C9C21E4C}
	EndGlobalSection
EndGlobal
